
Microsoft Visual Studio Solution File, Format Version 12.00
# Visual Studio Version 17
VisualStudioVersion = 17.8.34330.188
MinimumVisualStudioVersion = 10.0.40219.1
Project("{9A19103F-16F7-4668-BE54-9A1E7A4F7556}") = "Methods", "Methods\Methods.csproj", "{BAE70CCF-C7AF-4DF5-900F-BBEC85D3670A}"
EndProject
Project("{9A19103F-16F7-4668-BE54-9A1E7A4F7556}") = "MethodOverloading", "MethodOverloading\MethodOverloading.csproj", "{474A3021-F287-44B8-92F6-AB63E808A269}"
EndProject
Project("{9A19103F-16F7-4668-BE54-9A1E7A4F7556}") = "Method Parameters", "Method Parameters\Method Parameters.csproj", "{2762D8DE-BB5D-497D-AB33-0AEA4BF5C9BD}"
EndProject
Project("{FAE04EC0-301F-11D3-BF4B-00C04F79EFBC}") = "Method Overriding", "Method Overriding\Method Overriding.csproj", "{91BD277A-7F7B-4D6B-ACC6-49F2D797A051}"
EndProject
Project("{FAE04EC0-301F-11D3-BF4B-00C04F79EFBC}") = "Anonymous methods", "Anonymous methods\Anonymous methods.csproj", "{630C86AC-34F8-4859-B8A6-35BD98D1382D}"
EndProject
Global
	GlobalSection(SolutionConfigurationPlatforms) = preSolution
		Debug|Any CPU = Debug|Any CPU
		Release|Any CPU = Release|Any CPU
	EndGlobalSection
	GlobalSection(ProjectConfigurationPlatforms) = postSolution
		{BAE70CCF-C7AF-4DF5-900F-BBEC85D3670A}.Debug|Any CPU.ActiveCfg = Debug|Any CPU
		{BAE70CCF-C7AF-4DF5-900F-BBEC85D3670A}.Debug|Any CPU.Build.0 = Debug|Any CPU
		{BAE70CCF-C7AF-4DF5-900F-BBEC85D3670A}.Release|Any CPU.ActiveCfg = Release|Any CPU
		{BAE70CCF-C7AF-4DF5-900F-BBEC85D3670A}.Release|Any CPU.Build.0 = Release|Any CPU
		{474A3021-F287-44B8-92F6-AB63E808A269}.Debug|Any CPU.ActiveCfg = Debug|Any CPU
		{474A3021-F287-44B8-92F6-AB63E808A269}.Debug|Any CPU.Build.0 = Debug|Any CPU
		{474A3021-F287-44B8-92F6-AB63E808A269}.Release|Any CPU.ActiveCfg = Release|Any CPU
		{474A3021-F287-44B8-92F6-AB63E808A269}.Release|Any CPU.Build.0 = Release|Any CPU
		{2762D8DE-BB5D-497D-AB33-0AEA4BF5C9BD}.Debug|Any CPU.ActiveCfg = Debug|Any CPU
		{2762D8DE-BB5D-497D-AB33-0AEA4BF5C9BD}.Debug|Any CPU.Build.0 = Debug|Any CPU
		{2762D8DE-BB5D-497D-AB33-0AEA4BF5C9BD}.Release|Any CPU.ActiveCfg = Release|Any CPU
		{2762D8DE-BB5D-497D-AB33-0AEA4BF5C9BD}.Release|Any CPU.Build.0 = Release|Any CPU
		{91BD277A-7F7B-4D6B-ACC6-49F2D797A051}.Debug|Any CPU.ActiveCfg = Debug|Any CPU
		{91BD277A-7F7B-4D6B-ACC6-49F2D797A051}.Debug|Any CPU.Build.0 = Debug|Any CPU
		{91BD277A-7F7B-4D6B-ACC6-49F2D797A051}.Release|Any CPU.ActiveCfg = Release|Any CPU
		{91BD277A-7F7B-4D6B-ACC6-49F2D797A051}.Release|Any CPU.Build.0 = Release|Any CPU
		{630C86AC-34F8-4859-B8A6-35BD98D1382D}.Debug|Any CPU.ActiveCfg = Debug|Any CPU
		{630C86AC-34F8-4859-B8A6-35BD98D1382D}.Debug|Any CPU.Build.0 = Debug|Any CPU
		{630C86AC-34F8-4859-B8A6-35BD98D1382D}.Release|Any CPU.ActiveCfg = Release|Any CPU
		{630C86AC-34F8-4859-B8A6-35BD98D1382D}.Release|Any CPU.Build.0 = Release|Any CPU
	EndGlobalSection
	GlobalSection(SolutionProperties) = preSolution
		HideSolutionNode = FALSE
	EndGlobalSection
	GlobalSection(ExtensibilityGlobals) = postSolution
		SolutionGuid = {5683D966-9238-4922-AB0D-9342E07811C8}
	EndGlobalSection
EndGlobal
